
Microsoft Visual Studio Solution File, Format Version 12.00
# Visual Studio Version 17
VisualStudioVersion = 17.7.34221.43
MinimumVisualStudioVersion = 10.0.40219.1
Project("{9A19103F-16F7-4668-BE54-9A1E7A4F7556}") = "ToDo", "ToDo\ToDo.csproj", "{3C2F7415-42C7-4DA2-BA0F-ACB5D4D3ECAA}"
EndProject
Project("{FAE04EC0-301F-11D3-BF4B-00C04F79EFBC}") = "ToDo.Api", "ToDo.Api\ToDo.Api.csproj", "{FFA77740-04EA-4EC7-B710-54E669D49014}"
EndProject
Project("{FAE04EC0-301F-11D3-BF4B-00C04F79EFBC}") = "ToDo.Shared", "ToDo.Shared\ToDo.Shared.csproj", "{436328F8-5B67-484E-8E00-CCA842A40C6A}"
EndProject
Global
	GlobalSection(SolutionConfigurationPlatforms) = preSolution
		Debug|Any CPU = Debug|Any CPU
		Release|Any CPU = Release|Any CPU
	EndGlobalSection
	GlobalSection(ProjectConfigurationPlatforms) = postSolution
		{3C2F7415-42C7-4DA2-BA0F-ACB5D4D3ECAA}.Debug|Any CPU.ActiveCfg = Debug|Any CPU
		{3C2F7415-42C7-4DA2-BA0F-ACB5D4D3ECAA}.Debug|Any CPU.Build.0 = Debug|Any CPU
		{3C2F7415-42C7-4DA2-BA0F-ACB5D4D3ECAA}.Release|Any CPU.ActiveCfg = Release|Any CPU
		{3C2F7415-42C7-4DA2-BA0F-ACB5D4D3ECAA}.Release|Any CPU.Build.0 = Release|Any CPU
		{FFA77740-04EA-4EC7-B710-54E669D49014}.Debug|Any CPU.ActiveCfg = Debug|Any CPU
		{FFA77740-04EA-4EC7-B710-54E669D49014}.Debug|Any CPU.Build.0 = Debug|Any CPU
		{FFA77740-04EA-4EC7-B710-54E669D49014}.Release|Any CPU.ActiveCfg = Release|Any CPU
		{FFA77740-04EA-4EC7-B710-54E669D49014}.Release|Any CPU.Build.0 = Release|Any CPU
		{436328F8-5B67-484E-8E00-CCA842A40C6A}.Debug|Any CPU.ActiveCfg = Debug|Any CPU
		{436328F8-5B67-484E-8E00-CCA842A40C6A}.Debug|Any CPU.Build.0 = Debug|Any CPU
		{436328F8-5B67-484E-8E00-CCA842A40C6A}.Release|Any CPU.ActiveCfg = Release|Any CPU
		{436328F8-5B67-484E-8E00-CCA842A40C6A}.Release|Any CPU.Build.0 = Release|Any CPU
	EndGlobalSection
	GlobalSection(SolutionProperties) = preSolution
		HideSolutionNode = FALSE
	EndGlobalSection
	GlobalSection(ExtensibilityGlobals) = postSolution
		SolutionGuid = {B63FA6E3-87C3-4EA3-881F-38628838722F}
	EndGlobalSection
EndGlobal
